
Microsoft Visual Studio Solution File, Format Version 12.00
Project("{FAE04EC0-301F-11D3-BF4B-00C04F79EFBC}") = "ORM.Core", "ORM.Core\ORM.Core.csproj", "{A5E58D08-5A93-4E19-AEB6-EB666BC95694}"
EndProject
Project("{FAE04EC0-301F-11D3-BF4B-00C04F79EFBC}") = "Orm.Postgres", "Orm.Postgres\Orm.Postgres.csproj", "{8C960E04-8F00-4F36-BAFD-BAEAB975DB0C}"
EndProject
Project("{FAE04EC0-301F-11D3-BF4B-00C04F79EFBC}") = "Orm.Migrations", "Orm.Migrations\Orm.Migrations.csproj", "{4FAA96E6-5CC2-4D17-954D-C69BE39FA386}"
EndProject
Global
	GlobalSection(SolutionConfigurationPlatforms) = preSolution
		Debug|Any CPU = Debug|Any CPU
		Release|Any CPU = Release|Any CPU
	EndGlobalSection
	GlobalSection(ProjectConfigurationPlatforms) = postSolution
		{A5E58D08-5A93-4E19-AEB6-EB666BC95694}.Debug|Any CPU.ActiveCfg = Debug|Any CPU
		{A5E58D08-5A93-4E19-AEB6-EB666BC95694}.Debug|Any CPU.Build.0 = Debug|Any CPU
		{A5E58D08-5A93-4E19-AEB6-EB666BC95694}.Release|Any CPU.ActiveCfg = Release|Any CPU
		{A5E58D08-5A93-4E19-AEB6-EB666BC95694}.Release|Any CPU.Build.0 = Release|Any CPU
		{8C960E04-8F00-4F36-BAFD-BAEAB975DB0C}.Debug|Any CPU.ActiveCfg = Debug|Any CPU
		{8C960E04-8F00-4F36-BAFD-BAEAB975DB0C}.Debug|Any CPU.Build.0 = Debug|Any CPU
		{8C960E04-8F00-4F36-BAFD-BAEAB975DB0C}.Release|Any CPU.ActiveCfg = Release|Any CPU
		{8C960E04-8F00-4F36-BAFD-BAEAB975DB0C}.Release|Any CPU.Build.0 = Release|Any CPU
		{4FAA96E6-5CC2-4D17-954D-C69BE39FA386}.Debug|Any CPU.ActiveCfg = Debug|Any CPU
		{4FAA96E6-5CC2-4D17-954D-C69BE39FA386}.Debug|Any CPU.Build.0 = Debug|Any CPU
		{4FAA96E6-5CC2-4D17-954D-C69BE39FA386}.Release|Any CPU.ActiveCfg = Release|Any CPU
		{4FAA96E6-5CC2-4D17-954D-C69BE39FA386}.Release|Any CPU.Build.0 = Release|Any CPU
	EndGlobalSection
EndGlobal
