
Microsoft Visual Studio Solution File, Format Version 12.00
Project("{FAE04EC0-301F-11D3-BF4B-00C04F79EFBC}") = "ORM.Core", "ORM.Core\ORM.Core.csproj", "{A5E58D08-5A93-4E19-AEB6-EB666BC95694}"
EndProject
Project("{FAE04EC0-301F-11D3-BF4B-00C04F79EFBC}") = "ORM.Migrations", "ORM.Migrations\ORM.Migrations.csproj", "{17E644A6-4AD5-4643-A41F-9F22E4ED0584}"
EndProject
Project("{FAE04EC0-301F-11D3-BF4B-00C04F79EFBC}") = "SampleApp", "SampleApp\SampleApp.csproj", "{7212CF1F-9732-45FF-A210-1693E0DFE472}"
EndProject
Global
	GlobalSection(SolutionConfigurationPlatforms) = preSolution
		Debug|Any CPU = Debug|Any CPU
		Release|Any CPU = Release|Any CPU
	EndGlobalSection
	GlobalSection(ProjectConfigurationPlatforms) = postSolution
		{A5E58D08-5A93-4E19-AEB6-EB666BC95694}.Debug|Any CPU.ActiveCfg = Debug|Any CPU
		{A5E58D08-5A93-4E19-AEB6-EB666BC95694}.Debug|Any CPU.Build.0 = Debug|Any CPU
		{A5E58D08-5A93-4E19-AEB6-EB666BC95694}.Release|Any CPU.ActiveCfg = Release|Any CPU
		{A5E58D08-5A93-4E19-AEB6-EB666BC95694}.Release|Any CPU.Build.0 = Release|Any CPU
		{17E644A6-4AD5-4643-A41F-9F22E4ED0584}.Debug|Any CPU.ActiveCfg = Debug|Any CPU
		{17E644A6-4AD5-4643-A41F-9F22E4ED0584}.Debug|Any CPU.Build.0 = Debug|Any CPU
		{17E644A6-4AD5-4643-A41F-9F22E4ED0584}.Release|Any CPU.ActiveCfg = Release|Any CPU
		{17E644A6-4AD5-4643-A41F-9F22E4ED0584}.Release|Any CPU.Build.0 = Release|Any CPU
		{7212CF1F-9732-45FF-A210-1693E0DFE472}.Debug|Any CPU.ActiveCfg = Debug|Any CPU
		{7212CF1F-9732-45FF-A210-1693E0DFE472}.Debug|Any CPU.Build.0 = Debug|Any CPU
		{7212CF1F-9732-45FF-A210-1693E0DFE472}.Release|Any CPU.ActiveCfg = Release|Any CPU
		{7212CF1F-9732-45FF-A210-1693E0DFE472}.Release|Any CPU.Build.0 = Release|Any CPU
	EndGlobalSection
EndGlobal
